
Microsoft Visual Studio Solution File, Format Version 12.00
# Visual Studio Version 17
VisualStudioVersion = 17.1.32210.238
MinimumVisualStudioVersion = 10.0.40219.1
Project("{FAE04EC0-301F-11D3-BF4B-00C04F79EFBC}") = "PROG8170Midterm", "PROG8170Midterm\PROG8170Midterm.csproj", "{76E678A8-A082-4118-A5EF-6ADAD526ADB5}"
EndProject
Project("{FAE04EC0-301F-11D3-BF4B-00C04F79EFBC}") = "TestTemp", "TestTemp\TestTemp.csproj", "{7F9EBCD8-745A-48D0-8204-5DFB0B79281D}"
EndProject
Global
	GlobalSection(SolutionConfigurationPlatforms) = preSolution
		Debug|Any CPU = Debug|Any CPU
		Release|Any CPU = Release|Any CPU
	EndGlobalSection
	GlobalSection(ProjectConfigurationPlatforms) = postSolution
		{76E678A8-A082-4118-A5EF-6ADAD526ADB5}.Debug|Any CPU.ActiveCfg = Debug|Any CPU
		{76E678A8-A082-4118-A5EF-6ADAD526ADB5}.Debug|Any CPU.Build.0 = Debug|Any CPU
		{76E678A8-A082-4118-A5EF-6ADAD526ADB5}.Release|Any CPU.ActiveCfg = Release|Any CPU
		{76E678A8-A082-4118-A5EF-6ADAD526ADB5}.Release|Any CPU.Build.0 = Release|Any CPU
		{7F9EBCD8-745A-48D0-8204-5DFB0B79281D}.Debug|Any CPU.ActiveCfg = Debug|Any CPU
		{7F9EBCD8-745A-48D0-8204-5DFB0B79281D}.Debug|Any CPU.Build.0 = Debug|Any CPU
		{7F9EBCD8-745A-48D0-8204-5DFB0B79281D}.Release|Any CPU.ActiveCfg = Release|Any CPU
		{7F9EBCD8-745A-48D0-8204-5DFB0B79281D}.Release|Any CPU.Build.0 = Release|Any CPU
	EndGlobalSection
	GlobalSection(SolutionProperties) = preSolution
		HideSolutionNode = FALSE
	EndGlobalSection
	GlobalSection(ExtensibilityGlobals) = postSolution
		SolutionGuid = {EA82BCF4-BD1E-4284-B438-B29A2F4A086B}
	EndGlobalSection
EndGlobal
